
Microsoft Visual Studio Solution File, Format Version 12.00
# Visual Studio Version 17
VisualStudioVersion = 17.14.36221.1 d17.14
MinimumVisualStudioVersion = 10.0.40219.1
Project("{8BC9CEB8-8B4A-11D0-8D11-00A0C91BC942}") = "ThisPointer", "ThisPointer.vcxproj", "{00BC5EE8-35B1-46D0-A046-CD0D9B5800B1}"
EndProject
Global
	GlobalSection(SolutionConfigurationPlatforms) = preSolution
		Debug|x64 = Debug|x64
		Debug|x86 = Debug|x86
		Release|x64 = Release|x64
		Release|x86 = Release|x86
	EndGlobalSection
	GlobalSection(ProjectConfigurationPlatforms) = postSolution
		{00BC5EE8-35B1-46D0-A046-CD0D9B5800B1}.Debug|x64.ActiveCfg = Debug|x64
		{00BC5EE8-35B1-46D0-A046-CD0D9B5800B1}.Debug|x64.Build.0 = Debug|x64
		{00BC5EE8-35B1-46D0-A046-CD0D9B5800B1}.Debug|x86.ActiveCfg = Debug|Win32
		{00BC5EE8-35B1-46D0-A046-CD0D9B5800B1}.Debug|x86.Build.0 = Debug|Win32
		{00BC5EE8-35B1-46D0-A046-CD0D9B5800B1}.Release|x64.ActiveCfg = Release|x64
		{00BC5EE8-35B1-46D0-A046-CD0D9B5800B1}.Release|x64.Build.0 = Release|x64
		{00BC5EE8-35B1-46D0-A046-CD0D9B5800B1}.Release|x86.ActiveCfg = Release|Win32
		{00BC5EE8-35B1-46D0-A046-CD0D9B5800B1}.Release|x86.Build.0 = Release|Win32
	EndGlobalSection
	GlobalSection(SolutionProperties) = preSolution
		HideSolutionNode = FALSE
	EndGlobalSection
	GlobalSection(ExtensibilityGlobals) = postSolution
		SolutionGuid = {12C5E00B-D646-428A-AAF0-EC5C5E153C09}
	EndGlobalSection
EndGlobal
